
Microsoft Visual Studio Solution File, Format Version 12.00
# Visual Studio Version 16
VisualStudioVersion = 16.0.29728.190
MinimumVisualStudioVersion = 10.0.40219.1
Project("{9A19103F-16F7-4668-BE54-9A1E7A4F7556}") = "REID.APPL", "REID.APPL\REID.APPL.csproj", "{D9068FEF-73D2-4D83-A781-E0839423E7A6}"
EndProject
Project("{9A19103F-16F7-4668-BE54-9A1E7A4F7556}") = "REID.API", "REID.API\REID.API.csproj", "{2A074FB7-A3AF-486E-A240-33481C2652E0}"
EndProject
Global
	GlobalSection(SolutionConfigurationPlatforms) = preSolution
		Debug|Any CPU = Debug|Any CPU
		Release|Any CPU = Release|Any CPU
	EndGlobalSection
	GlobalSection(ProjectConfigurationPlatforms) = postSolution
		{D9068FEF-73D2-4D83-A781-E0839423E7A6}.Debug|Any CPU.ActiveCfg = Debug|Any CPU
		{D9068FEF-73D2-4D83-A781-E0839423E7A6}.Debug|Any CPU.Build.0 = Debug|Any CPU
		{D9068FEF-73D2-4D83-A781-E0839423E7A6}.Release|Any CPU.ActiveCfg = Release|Any CPU
		{D9068FEF-73D2-4D83-A781-E0839423E7A6}.Release|Any CPU.Build.0 = Release|Any CPU
		{2A074FB7-A3AF-486E-A240-33481C2652E0}.Debug|Any CPU.ActiveCfg = Debug|Any CPU
		{2A074FB7-A3AF-486E-A240-33481C2652E0}.Debug|Any CPU.Build.0 = Debug|Any CPU
		{2A074FB7-A3AF-486E-A240-33481C2652E0}.Release|Any CPU.ActiveCfg = Release|Any CPU
		{2A074FB7-A3AF-486E-A240-33481C2652E0}.Release|Any CPU.Build.0 = Release|Any CPU
	EndGlobalSection
	GlobalSection(SolutionProperties) = preSolution
		HideSolutionNode = FALSE
	EndGlobalSection
	GlobalSection(ExtensibilityGlobals) = postSolution
		SolutionGuid = {529F38E9-AA7E-479F-9DDD-A74B2DF89F9B}
	EndGlobalSection
EndGlobal
